hash: d2e725dd307d23ccc1e46e33666fc758cf82e3f07394b1288c6f1fd7ea9f2ce3
updated: 2018-11-23T23:37:31.361238026+01:00
imports:
- name: github.com/c-bata/go-prompt
  version: b6d2b439b9e406f5438c1afd567b45bd4977b205
- name: github.com/fsnotify/fsnotify
  version: ccc981bf80385c528a65fbfdd49bf2d8da22aa23
- name: github.com/hashicorp/hcl
  version: 65a6292f0157eff210d03ed1bf6c59b190b8b906
  subpackages:
  - hcl/ast
  - hcl/parser
  - hcl/printer
  - hcl/scanner
  - hcl/strconv
  - hcl/token
  - json/parser
  - json/scanner
  - json/token
- name: github.com/inconshreveable/mousetrap
  version: 76626ae9c91c4f2a10f34cad8ce83ea42c93bb75
- name: github.com/magiconair/properties
  version: 7c38529aac7222391b7a2661365177a97e21b998
- name: github.com/mattn/go-colorable
  version: efa589957cd060542a26d2dd7832fd6a6c6c3ade
- name: github.com/mattn/go-isatty
  version: 3fb116b820352b7f0c281308a4d6250c22d94e27
- name: github.com/mattn/go-runewidth
  version: c88d7e5f2e24de48a200a2655ac8a0910be9a0f7
- name: github.com/mattn/go-tty
  version: 13ff1204f104d52c3f7645ec027ecbcf9026429e
- name: github.com/mitchellh/go-homedir
  version: ae18d6b8b3205b561c79e8e5f69bff09736185f4
- name: github.com/mitchellh/mapstructure
  version: 3536a929edddb9a5b34bd6861dc4a9647cb459fe
- name: github.com/pelletier/go-toml
  version: b56e1b27b494551f2dec9703efa22e3ce23285eb
- name: github.com/pkg/term
  version: 27bbf2edb814447174b568fc0875a8e0c1608fae
  subpackages:
  - termios
- name: github.com/spf13/afero
  version: d40851caa0d747393da1ffb28f7f9d8b4eeffebd
  subpackages:
  - mem
- name: github.com/spf13/cast
  version: 8c9545af88b134710ab1cd196795e7f2388358d7
- name: github.com/spf13/cobra
  version: fe5e611709b0c57fa4a89136deaa8e1d4004d053
- name: github.com/spf13/jwalterweatherman
  version: 94f6ae3ed3bceceafa716478c5fbf8d29ca601a1
- name: github.com/spf13/pflag
  version: aea12ed6721610dc6ed40141676d7ab0a1dac9e9
- name: github.com/spf13/viper
  version: 06c7c0d9b3c7cfca13deff6e353a052e08828ad4
- name: github.com/stromland/cobra-prompt
  version: 90825b40bda57c607b18da268e2b69134e1a4407
- name: golang.org/x/sys
  version: 62eef0e2fa9b2c385f7b2778e763486da6880d37
  subpackages:
  - unix
- name: golang.org/x/text
  version: 6f44c5a2ea40ee3593d98cdcc905cc1fdaa660e2
  subpackages:
  - transform
  - unicode/norm
- name: gopkg.in/yaml.v2
  version: 5420a8b6744d3b0345ab293f6fcba19c978f1183
testImports: []
